{
    "_readme": [
        "This file locks the dependencies of your project to a known state",
        "Read more about it at https://getcomposer.org/doc/01-basic-usage.md#composer-lock-the-lock-file",
        "This file is @generated automatically"
    ],
    "content-hash": "f8bd240c5ae788455621e04981aebd84",
    "packages": [
        {
            "name": "jpush/jpush",
            "version": "v3.x-dev",
            "source": {
                "type": "git",
                "url": "https://github.com/jpush/jpush-api-php-client.git",
                "reference": "b16520e84cdd117a0fc262a4a8e6569104e1cda5"
            },
            "dist": {
                "type": "zip",
                "url": "https://api.github.com/repos/jpush/jpush-api-php-client/zipball/b16520e84cdd117a0fc262a4a8e6569104e1cda5",
                "reference": "b16520e84cdd117a0fc262a4a8e6569104e1cda5",
                "shasum": ""
            },
            "require": {
                "ext-curl": "*",
                "php": ">=5.1"
            },
            "require-dev": {
                "phpunit/phpunit": "*"
            },
            "type": "library",
            "autoload": {
                "psr-0": {
                    "jpush": "src/"
                },
                "files": [
                    "src/JPush/JPush.php"
                ]
            },
            "notification-url": "https://packagist.org/downloads/",
            "license": [
                "Apache"
            ],
            "authors": [
                {
                    "name": "JPush",
                    "email": "support@jpush.cn",
                    "homepage": "https://www.jpush.cn/",
                    "role": "Developer"
                }
            ],
            "description": "JPush API PHP Client",
            "homepage": "http://docs.jpush.cn/display/dev/Push-API-v3",
            "time": "2017-01-24T03:12:40+00:00"
        }
    ],
    "packages-dev": [],
    "aliases": [],
    "minimum-stability": "dev",
    "stability-flags": [],
    "prefer-stable": false,
    "prefer-lowest": false,
    "platform": {
        "php": ">=5.3.0"
    },
    "platform-dev": []
}
